
Microsoft Visual Studio Solution File, Format Version 12.00
# Visual Studio Version 17
VisualStudioVersion = 17.10.35027.167
MinimumVisualStudioVersion = 10.0.40219.1
Project("{FAE04EC0-301F-11D3-BF4B-00C04F79EFBC}") = "串口助手", "串口助手\串口助手.csproj", "{BE99B065-B2AC-4301-8BBC-4A9046F340DD}"
EndProject
Global
	GlobalSection(SolutionConfigurationPlatforms) = preSolution
		Debug|Any CPU = Debug|Any CPU
		Release|Any CPU = Release|Any CPU
	EndGlobalSection
	GlobalSection(ProjectConfigurationPlatforms) = postSolution
		{BE99B065-B2AC-4301-8BBC-4A9046F340DD}.Debug|Any CPU.ActiveCfg = Debug|Any CPU
		{BE99B065-B2AC-4301-8BBC-4A9046F340DD}.Debug|Any CPU.Build.0 = Debug|Any CPU
		{BE99B065-B2AC-4301-8BBC-4A9046F340DD}.Release|Any CPU.ActiveCfg = Release|Any CPU
		{BE99B065-B2AC-4301-8BBC-4A9046F340DD}.Release|Any CPU.Build.0 = Release|Any CPU
	EndGlobalSection
	GlobalSection(SolutionProperties) = preSolution
		HideSolutionNode = FALSE
	EndGlobalSection
	GlobalSection(ExtensibilityGlobals) = postSolution
		SolutionGuid = {A4D8FD4E-BED3-4837-9DDE-E4276F18F32D}
	EndGlobalSection
EndGlobal
